
Microsoft Visual Studio Solution File, Format Version 12.00
Project("{FAE04EC0-301F-11D3-BF4B-00C04F79EFBC}") = "MazeLibrary", "MazeLibrary\MazeLibrary.csproj", "{2705CA1B-AFA0-4175-AAFD-40F8A11A9FF0}"
EndProject
Project("{FAE04EC0-301F-11D3-BF4B-00C04F79EFBC}") = "Cave", "Cave\Cave.csproj", "{CF721523-D60D-4265-8167-89C87D98D989}"
EndProject
Project("{FAE04EC0-301F-11D3-BF4B-00C04F79EFBC}") = "WebUI", "WebUI\WebUI.csproj", "{9188C3F2-F2B8-48D3-B8F8-735CDEE46461}"
EndProject
Global
	GlobalSection(SolutionConfigurationPlatforms) = preSolution
		Debug|Any CPU = Debug|Any CPU
		Release|Any CPU = Release|Any CPU
	EndGlobalSection
	GlobalSection(ProjectConfigurationPlatforms) = postSolution
		{2705CA1B-AFA0-4175-AAFD-40F8A11A9FF0}.Debug|Any CPU.ActiveCfg = Debug|Any CPU
		{2705CA1B-AFA0-4175-AAFD-40F8A11A9FF0}.Debug|Any CPU.Build.0 = Debug|Any CPU
		{2705CA1B-AFA0-4175-AAFD-40F8A11A9FF0}.Release|Any CPU.ActiveCfg = Release|Any CPU
		{2705CA1B-AFA0-4175-AAFD-40F8A11A9FF0}.Release|Any CPU.Build.0 = Release|Any CPU
		{CF721523-D60D-4265-8167-89C87D98D989}.Debug|Any CPU.ActiveCfg = Debug|Any CPU
		{CF721523-D60D-4265-8167-89C87D98D989}.Debug|Any CPU.Build.0 = Debug|Any CPU
		{CF721523-D60D-4265-8167-89C87D98D989}.Release|Any CPU.ActiveCfg = Release|Any CPU
		{CF721523-D60D-4265-8167-89C87D98D989}.Release|Any CPU.Build.0 = Release|Any CPU
		{9188C3F2-F2B8-48D3-B8F8-735CDEE46461}.Debug|Any CPU.ActiveCfg = Debug|Any CPU
		{9188C3F2-F2B8-48D3-B8F8-735CDEE46461}.Debug|Any CPU.Build.0 = Debug|Any CPU
		{9188C3F2-F2B8-48D3-B8F8-735CDEE46461}.Release|Any CPU.ActiveCfg = Release|Any CPU
		{9188C3F2-F2B8-48D3-B8F8-735CDEE46461}.Release|Any CPU.Build.0 = Release|Any CPU
	EndGlobalSection
EndGlobal
